
Microsoft Visual Studio Solution File, Format Version 11.00
# Visual Studio Version 17

Project("{8BC9CEB8-8B4A-11D0-8D11-00A0C91BC942}") = "SevenT - Standalone Plugin", "SevenT_StandalonePlugin.vcxproj", "{8624DB96-66B0-8E47-F4A9-3A2E57542726}"
	ProjectSection(ProjectDependencies) = postProject
		{C69BC023-5C75-9B61-E084-CBE1BAEEE725} = {C69BC023-5C75-9B61-E084-CBE1BAEEE725}
	EndProjectSection
EndProject
Project("{8BC9CEB8-8B4A-11D0-8D11-00A0C91BC942}") = "SevenT - VST3", "SevenT_VST3.vcxproj", "{D851551E-CF9B-2483-3A91-13024FA2D3F1}"
	ProjectSection(ProjectDependencies) = postProject
		{C69BC023-5C75-9B61-E084-CBE1BAEEE725} = {C69BC023-5C75-9B61-E084-CBE1BAEEE725}
		{E6C7D51E-F3EC-D6BF-BD87-F7C391A80B11} = {E6C7D51E-F3EC-D6BF-BD87-F7C391A80B11}
	EndProjectSection
EndProject
Project("{8BC9CEB8-8B4A-11D0-8D11-00A0C91BC942}") = "SevenT - Shared Code", "SevenT_SharedCode.vcxproj", "{C69BC023-5C75-9B61-E084-CBE1BAEEE725}"
EndProject
Project("{8BC9CEB8-8B4A-11D0-8D11-00A0C91BC942}") = "SevenT - VST3 Manifest Helper", "SevenT_VST3ManifestHelper.vcxproj", "{E6C7D51E-F3EC-D6BF-BD87-F7C391A80B11}"
EndProject
Global
	GlobalSection(SolutionConfigurationPlatforms) = preSolution
		Debug|x64 = Debug|x64
		Release|x64 = Release|x64
	EndGlobalSection
	GlobalSection(ProjectConfigurationPlatforms) = postSolution
		{D851551E-CF9B-2483-3A91-13024FA2D3F1}.Debug|x64.ActiveCfg = Debug|x64
		{D851551E-CF9B-2483-3A91-13024FA2D3F1}.Debug|x64.Build.0 = Debug|x64
		{D851551E-CF9B-2483-3A91-13024FA2D3F1}.Release|x64.ActiveCfg = Release|x64
		{D851551E-CF9B-2483-3A91-13024FA2D3F1}.Release|x64.Build.0 = Release|x64
		{8624DB96-66B0-8E47-F4A9-3A2E57542726}.Debug|x64.ActiveCfg = Debug|x64
		{8624DB96-66B0-8E47-F4A9-3A2E57542726}.Debug|x64.Build.0 = Debug|x64
		{8624DB96-66B0-8E47-F4A9-3A2E57542726}.Release|x64.ActiveCfg = Release|x64
		{8624DB96-66B0-8E47-F4A9-3A2E57542726}.Release|x64.Build.0 = Release|x64
		{C69BC023-5C75-9B61-E084-CBE1BAEEE725}.Debug|x64.ActiveCfg = Debug|x64
		{C69BC023-5C75-9B61-E084-CBE1BAEEE725}.Debug|x64.Build.0 = Debug|x64
		{C69BC023-5C75-9B61-E084-CBE1BAEEE725}.Release|x64.ActiveCfg = Release|x64
		{C69BC023-5C75-9B61-E084-CBE1BAEEE725}.Release|x64.Build.0 = Release|x64
		{E6C7D51E-F3EC-D6BF-BD87-F7C391A80B11}.Debug|x64.ActiveCfg = Debug|x64
		{E6C7D51E-F3EC-D6BF-BD87-F7C391A80B11}.Debug|x64.Build.0 = Debug|x64
		{E6C7D51E-F3EC-D6BF-BD87-F7C391A80B11}.Release|x64.ActiveCfg = Release|x64
		{E6C7D51E-F3EC-D6BF-BD87-F7C391A80B11}.Release|x64.Build.0 = Release|x64
	EndGlobalSection
	GlobalSection(SolutionProperties) = preSolution
		HideSolutionNode = FALSE
	EndGlobalSection
EndGlobal
